
Microsoft Visual Studio Solution File, Format Version 12.00
# Visual Studio Version 17
VisualStudioVersion = 17.2.32630.192
MinimumVisualStudioVersion = 10.0.40219.1
Project("{9A19103F-16F7-4668-BE54-9A1E7A4F7556}") = "Stage0", "Stage0\Stage0.csproj", "{66D172E9-6C3C-49F1-B6B2-993360D41EC4}"
EndProject
Project("{FAE04EC0-301F-11D3-BF4B-00C04F79EFBC}") = "DalFacade", "DalFacade\DalFacade.csproj", "{3ACB7525-A916-43E6-A2FB-258120075E25}"
EndProject
Project("{FAE04EC0-301F-11D3-BF4B-00C04F79EFBC}") = "DalList", "DalList\DalList.csproj", "{4E5645DF-D255-4F25-8EC8-DC2646B7883E}"
EndProject
Project("{FAE04EC0-301F-11D3-BF4B-00C04F79EFBC}") = "DalTest", "DalTest\DalTest.csproj", "{F3C6F015-18E9-4D4B-87D1-70098B5BCC6E}"
EndProject
Global
	GlobalSection(SolutionConfigurationPlatforms) = preSolution
		Debug|Any CPU = Debug|Any CPU
		Release|Any CPU = Release|Any CPU
	EndGlobalSection
	GlobalSection(ProjectConfigurationPlatforms) = postSolution
		{66D172E9-6C3C-49F1-B6B2-993360D41EC4}.Debug|Any CPU.ActiveCfg = Debug|Any CPU
		{66D172E9-6C3C-49F1-B6B2-993360D41EC4}.Debug|Any CPU.Build.0 = Debug|Any CPU
		{66D172E9-6C3C-49F1-B6B2-993360D41EC4}.Release|Any CPU.ActiveCfg = Release|Any CPU
		{66D172E9-6C3C-49F1-B6B2-993360D41EC4}.Release|Any CPU.Build.0 = Release|Any CPU
		{3ACB7525-A916-43E6-A2FB-258120075E25}.Debug|Any CPU.ActiveCfg = Debug|Any CPU
		{3ACB7525-A916-43E6-A2FB-258120075E25}.Debug|Any CPU.Build.0 = Debug|Any CPU
		{3ACB7525-A916-43E6-A2FB-258120075E25}.Release|Any CPU.ActiveCfg = Release|Any CPU
		{3ACB7525-A916-43E6-A2FB-258120075E25}.Release|Any CPU.Build.0 = Release|Any CPU
		{4E5645DF-D255-4F25-8EC8-DC2646B7883E}.Debug|Any CPU.ActiveCfg = Debug|Any CPU
		{4E5645DF-D255-4F25-8EC8-DC2646B7883E}.Debug|Any CPU.Build.0 = Debug|Any CPU
		{4E5645DF-D255-4F25-8EC8-DC2646B7883E}.Release|Any CPU.ActiveCfg = Release|Any CPU
		{4E5645DF-D255-4F25-8EC8-DC2646B7883E}.Release|Any CPU.Build.0 = Release|Any CPU
		{F3C6F015-18E9-4D4B-87D1-70098B5BCC6E}.Debug|Any CPU.ActiveCfg = Debug|Any CPU
		{F3C6F015-18E9-4D4B-87D1-70098B5BCC6E}.Debug|Any CPU.Build.0 = Debug|Any CPU
		{F3C6F015-18E9-4D4B-87D1-70098B5BCC6E}.Release|Any CPU.ActiveCfg = Release|Any CPU
		{F3C6F015-18E9-4D4B-87D1-70098B5BCC6E}.Release|Any CPU.Build.0 = Release|Any CPU
	EndGlobalSection
	GlobalSection(SolutionProperties) = preSolution
		HideSolutionNode = FALSE
	EndGlobalSection
	GlobalSection(ExtensibilityGlobals) = postSolution
		SolutionGuid = {845C9F99-97BC-4864-BFEE-3B7B34B79710}
	EndGlobalSection
EndGlobal
